
Microsoft Visual Studio Solution File, Format Version 12.00
# Visual Studio Version 17
VisualStudioVersion = 17.2.32519.379
MinimumVisualStudioVersion = 10.0.40219.1
Project("{FAE04EC0-301F-11D3-BF4B-00C04F79EFBC}") = "CustomersApi", "CustomersApi\CustomersApi.csproj", "{934F9662-2452-4E2D-8180-4550F9ED3380}"
EndProject
Global
	GlobalSection(SolutionConfigurationPlatforms) = preSolution
		Debug|Any CPU = Debug|Any CPU
		Release|Any CPU = Release|Any CPU
	EndGlobalSection
	GlobalSection(ProjectConfigurationPlatforms) = postSolution
		{934F9662-2452-4E2D-8180-4550F9ED3380}.Debug|Any CPU.ActiveCfg = Debug|Any CPU
		{934F9662-2452-4E2D-8180-4550F9ED3380}.Debug|Any CPU.Build.0 = Debug|Any CPU
		{934F9662-2452-4E2D-8180-4550F9ED3380}.Release|Any CPU.ActiveCfg = Release|Any CPU
		{934F9662-2452-4E2D-8180-4550F9ED3380}.Release|Any CPU.Build.0 = Release|Any CPU
	EndGlobalSection
	GlobalSection(SolutionProperties) = preSolution
		HideSolutionNode = FALSE
	EndGlobalSection
	GlobalSection(ExtensibilityGlobals) = postSolution
		SolutionGuid = {372E90FC-BA7D-4EE2-B373-89F6DCAE9FCE}
	EndGlobalSection
EndGlobal
